
Microsoft Visual Studio Solution File, Format Version 12.00
# Visual Studio 15
VisualStudioVersion = 15.0.27703.2035
MinimumVisualStudioVersion = 10.0.40219.1
Project("{9A19103F-16F7-4668-BE54-9A1E7A4F7556}") = "Meshmakers.Common.CommandLineParser", "src\CommandLineParser\CommandLineParser.csproj", "{AC69CC47-6932-4F10-B745-51ECE70665F8}"
EndProject
Project("{9A19103F-16F7-4668-BE54-9A1E7A4F7556}") = "Meshmakers.Common.CommandLineParserTests", "test\CommandLineParserTests\CommandLineParserTests.csproj", "{6A05C15D-19C7-4277-B977-127CF26F75EA}"
EndProject
Project("{9A19103F-16F7-4668-BE54-9A1E7A4F7556}") = "Meshmakers.Common.Shared", "src\Shared\Shared.csproj", "{8F0802BE-4020-425C-898D-94CCA79ADE20}"
EndProject
Project("{FAE04EC0-301F-11D3-BF4B-00C04F79EFBC}") = "Meshmakers.Common.SharedTests", "test\SharedTests\SharedTests.csproj", "{D1D71527-11B7-494F-B33C-865D775F21CD}"
EndProject
Project("{FAE04EC0-301F-11D3-BF4B-00C04F79EFBC}") = "Meshmakers.Common.Configuration", "src\Configuration\Configuration.csproj", "{9F20F5DB-0489-4AA9-9DD2-B53E2F3C073D}"
EndProject
Project("{FAE04EC0-301F-11D3-BF4B-00C04F79EFBC}") = "Meshmakers.Common.ConfigurationTests", "test\ConfigurationTests\ConfigurationTests.csproj", "{52AA08A7-216E-4729-9190-D60B3DE0A066}"
EndProject
Project("{FAE04EC0-301F-11D3-BF4B-00C04F79EFBC}") = "Meshmakers.Common.Metrics", "src\Metrics\Metrics.csproj", "{90AB811A-B6AA-4794-84BC-FF82263CE8D5}"
EndProject
Project("{FAE04EC0-301F-11D3-BF4B-00C04F79EFBC}") = "Meshmakers.Common.MetricsTests", "test\MetricsTests\MetricsTests.csproj", "{06EA3115-3D63-4427-B6E7-B70117E809EC}"
EndProject
Project("{FAE04EC0-301F-11D3-BF4B-00C04F79EFBC}") = "CommandLineParser.Sample", "src\CommandLineParser.Sample\CommandLineParser.Sample.csproj", "{E8E92F09-F5BB-463E-815E-89DC82765B0B}"
EndProject
Global
	GlobalSection(SolutionConfigurationPlatforms) = preSolution
		Debug|Any CPU = Debug|Any CPU
		Release|Any CPU = Release|Any CPU
		DebugL|Any CPU = DebugL|Any CPU
	EndGlobalSection
	GlobalSection(ProjectConfigurationPlatforms) = postSolution
		{AC69CC47-6932-4F10-B745-51ECE70665F8}.Debug|Any CPU.ActiveCfg = Debug|Any CPU
		{AC69CC47-6932-4F10-B745-51ECE70665F8}.Debug|Any CPU.Build.0 = Debug|Any CPU
		{AC69CC47-6932-4F10-B745-51ECE70665F8}.Release|Any CPU.ActiveCfg = Release|Any CPU
		{AC69CC47-6932-4F10-B745-51ECE70665F8}.Release|Any CPU.Build.0 = Release|Any CPU
		{AC69CC47-6932-4F10-B745-51ECE70665F8}.DebugL|Any CPU.ActiveCfg = DebugL|Any CPU
		{AC69CC47-6932-4F10-B745-51ECE70665F8}.DebugL|Any CPU.Build.0 = DebugL|Any CPU
		{6A05C15D-19C7-4277-B977-127CF26F75EA}.Debug|Any CPU.ActiveCfg = Debug|Any CPU
		{6A05C15D-19C7-4277-B977-127CF26F75EA}.Debug|Any CPU.Build.0 = Debug|Any CPU
		{6A05C15D-19C7-4277-B977-127CF26F75EA}.Release|Any CPU.ActiveCfg = Release|Any CPU
		{6A05C15D-19C7-4277-B977-127CF26F75EA}.Release|Any CPU.Build.0 = Release|Any CPU
		{6A05C15D-19C7-4277-B977-127CF26F75EA}.DebugL|Any CPU.ActiveCfg = DebugL|Any CPU
		{6A05C15D-19C7-4277-B977-127CF26F75EA}.DebugL|Any CPU.Build.0 = DebugL|Any CPU
		{8F0802BE-4020-425C-898D-94CCA79ADE20}.Debug|Any CPU.ActiveCfg = Debug|Any CPU
		{8F0802BE-4020-425C-898D-94CCA79ADE20}.Debug|Any CPU.Build.0 = Debug|Any CPU
		{8F0802BE-4020-425C-898D-94CCA79ADE20}.Release|Any CPU.ActiveCfg = Release|Any CPU
		{8F0802BE-4020-425C-898D-94CCA79ADE20}.Release|Any CPU.Build.0 = Release|Any CPU
		{8F0802BE-4020-425C-898D-94CCA79ADE20}.DebugL|Any CPU.ActiveCfg = DebugL|Any CPU
		{8F0802BE-4020-425C-898D-94CCA79ADE20}.DebugL|Any CPU.Build.0 = DebugL|Any CPU
		{D1D71527-11B7-494F-B33C-865D775F21CD}.Debug|Any CPU.ActiveCfg = Debug|Any CPU
		{D1D71527-11B7-494F-B33C-865D775F21CD}.Debug|Any CPU.Build.0 = Debug|Any CPU
		{D1D71527-11B7-494F-B33C-865D775F21CD}.Release|Any CPU.ActiveCfg = Release|Any CPU
		{D1D71527-11B7-494F-B33C-865D775F21CD}.Release|Any CPU.Build.0 = Release|Any CPU
		{D1D71527-11B7-494F-B33C-865D775F21CD}.DebugL|Any CPU.ActiveCfg = DebugL|Any CPU
		{D1D71527-11B7-494F-B33C-865D775F21CD}.DebugL|Any CPU.Build.0 = DebugL|Any CPU
		{9F20F5DB-0489-4AA9-9DD2-B53E2F3C073D}.Debug|Any CPU.ActiveCfg = Debug|Any CPU
		{9F20F5DB-0489-4AA9-9DD2-B53E2F3C073D}.Debug|Any CPU.Build.0 = Debug|Any CPU
		{9F20F5DB-0489-4AA9-9DD2-B53E2F3C073D}.Release|Any CPU.ActiveCfg = Release|Any CPU
		{9F20F5DB-0489-4AA9-9DD2-B53E2F3C073D}.Release|Any CPU.Build.0 = Release|Any CPU
		{9F20F5DB-0489-4AA9-9DD2-B53E2F3C073D}.DebugL|Any CPU.ActiveCfg = DebugL|Any CPU
		{9F20F5DB-0489-4AA9-9DD2-B53E2F3C073D}.DebugL|Any CPU.Build.0 = DebugL|Any CPU
		{52AA08A7-216E-4729-9190-D60B3DE0A066}.Debug|Any CPU.ActiveCfg = Debug|Any CPU
		{52AA08A7-216E-4729-9190-D60B3DE0A066}.Debug|Any CPU.Build.0 = Debug|Any CPU
		{52AA08A7-216E-4729-9190-D60B3DE0A066}.Release|Any CPU.ActiveCfg = Release|Any CPU
		{52AA08A7-216E-4729-9190-D60B3DE0A066}.Release|Any CPU.Build.0 = Release|Any CPU
		{52AA08A7-216E-4729-9190-D60B3DE0A066}.DebugL|Any CPU.ActiveCfg = DebugL|Any CPU
		{52AA08A7-216E-4729-9190-D60B3DE0A066}.DebugL|Any CPU.Build.0 = DebugL|Any CPU
		{90AB811A-B6AA-4794-84BC-FF82263CE8D5}.Debug|Any CPU.ActiveCfg = Debug|Any CPU
		{90AB811A-B6AA-4794-84BC-FF82263CE8D5}.Debug|Any CPU.Build.0 = Debug|Any CPU
		{90AB811A-B6AA-4794-84BC-FF82263CE8D5}.Release|Any CPU.ActiveCfg = Release|Any CPU
		{90AB811A-B6AA-4794-84BC-FF82263CE8D5}.Release|Any CPU.Build.0 = Release|Any CPU
		{90AB811A-B6AA-4794-84BC-FF82263CE8D5}.DebugL|Any CPU.ActiveCfg = DebugL|Any CPU
		{90AB811A-B6AA-4794-84BC-FF82263CE8D5}.DebugL|Any CPU.Build.0 = DebugL|Any CPU
		{06EA3115-3D63-4427-B6E7-B70117E809EC}.Debug|Any CPU.ActiveCfg = Debug|Any CPU
		{06EA3115-3D63-4427-B6E7-B70117E809EC}.Debug|Any CPU.Build.0 = Debug|Any CPU
		{06EA3115-3D63-4427-B6E7-B70117E809EC}.Release|Any CPU.ActiveCfg = Release|Any CPU
		{06EA3115-3D63-4427-B6E7-B70117E809EC}.Release|Any CPU.Build.0 = Release|Any CPU
		{06EA3115-3D63-4427-B6E7-B70117E809EC}.DebugL|Any CPU.ActiveCfg = DebugL|Any CPU
		{06EA3115-3D63-4427-B6E7-B70117E809EC}.DebugL|Any CPU.Build.0 = DebugL|Any CPU
		{E8E92F09-F5BB-463E-815E-89DC82765B0B}.Debug|Any CPU.ActiveCfg = Debug|Any CPU
		{E8E92F09-F5BB-463E-815E-89DC82765B0B}.Debug|Any CPU.Build.0 = Debug|Any CPU
		{E8E92F09-F5BB-463E-815E-89DC82765B0B}.Release|Any CPU.ActiveCfg = Release|Any CPU
		{E8E92F09-F5BB-463E-815E-89DC82765B0B}.Release|Any CPU.Build.0 = Release|Any CPU
		{E8E92F09-F5BB-463E-815E-89DC82765B0B}.DebugL|Any CPU.ActiveCfg = DebugL|Any CPU
		{E8E92F09-F5BB-463E-815E-89DC82765B0B}.DebugL|Any CPU.Build.0 = DebugL|Any CPU
	EndGlobalSection
	GlobalSection(SolutionProperties) = preSolution
		HideSolutionNode = FALSE
	EndGlobalSection
	GlobalSection(ExtensibilityGlobals) = postSolution
		SolutionGuid = {E8443D54-192F-4C54-A815-BBD084C52126}
	EndGlobalSection
EndGlobal
